
Microsoft Visual Studio Solution File, Format Version 12.00
# Visual Studio Version 17
VisualStudioVersion = 17.9.34622.214
MinimumVisualStudioVersion = 15.0.26124.0
Project("{9A19103F-16F7-4668-BE54-9A1E7A4F7556}") = "FastFoodCoding.ImageProcessing.Cdk", "FastFoodCoding.ImageProcessing.Cdk\FastFoodCoding.ImageProcessing.Cdk.csproj", "{2C3E9046-B2BF-47D1-8AAA-140E5E75AF37}"
EndProject
Global
	GlobalSection(SolutionConfigurationPlatforms) = preSolution
		Debug|Any CPU = Debug|Any CPU
		Release|Any CPU = Release|Any CPU
	EndGlobalSection
	GlobalSection(ProjectConfigurationPlatforms) = postSolution
		{2C3E9046-B2BF-47D1-8AAA-140E5E75AF37}.Debug|Any CPU.ActiveCfg = Debug|Any CPU
		{2C3E9046-B2BF-47D1-8AAA-140E5E75AF37}.Debug|Any CPU.Build.0 = Debug|Any CPU
		{2C3E9046-B2BF-47D1-8AAA-140E5E75AF37}.Release|Any CPU.ActiveCfg = Release|Any CPU
		{2C3E9046-B2BF-47D1-8AAA-140E5E75AF37}.Release|Any CPU.Build.0 = Release|Any CPU
	EndGlobalSection
	GlobalSection(SolutionProperties) = preSolution
		HideSolutionNode = FALSE
	EndGlobalSection
	GlobalSection(ExtensibilityGlobals) = postSolution
		SolutionGuid = {9C52E9C1-CEE8-42CE-AF63-FA29A364F41C}
	EndGlobalSection
EndGlobal
